
Microsoft Visual Studio Solution File, Format Version 12.00
# Visual Studio Version 17
VisualStudioVersion = 17.1.32407.343
MinimumVisualStudioVersion = 10.0.40219.1
Project("{9A19103F-16F7-4668-BE54-9A1E7A4F7556}") = "YummyCode.ExcelMapper", "ExcelMapper\YummyCode.ExcelMapper.csproj", "{B72766E3-836D-48EA-ABF4-38C1F16F0DCE}"
EndProject
Project("{9A19103F-16F7-4668-BE54-9A1E7A4F7556}") = "YummyCode.ExcelMapper.Test", "ExcelMapper.Test\YummyCode.ExcelMapper.Test.csproj", "{4235C260-000E-45A8-9DA9-28CCFF027F06}"
EndProject
Project("{2150E333-8FDC-42A3-9474-1A3956D46DE8}") = "Solution Items", "Solution Items", "{5D816DBB-F928-4AAC-AC10-B4170D353844}"
	ProjectSection(SolutionItems) = preProject
		.gitattributes = .gitattributes
		.gitignore = .gitignore
		README.md = README.md
	EndProjectSection
EndProject
Global
	GlobalSection(SolutionConfigurationPlatforms) = preSolution
		Debug|Any CPU = Debug|Any CPU
		Release|Any CPU = Release|Any CPU
	EndGlobalSection
	GlobalSection(ProjectConfigurationPlatforms) = postSolution
		{B72766E3-836D-48EA-ABF4-38C1F16F0DCE}.Debug|Any CPU.ActiveCfg = Debug|Any CPU
		{B72766E3-836D-48EA-ABF4-38C1F16F0DCE}.Debug|Any CPU.Build.0 = Debug|Any CPU
		{B72766E3-836D-48EA-ABF4-38C1F16F0DCE}.Release|Any CPU.ActiveCfg = Release|Any CPU
		{B72766E3-836D-48EA-ABF4-38C1F16F0DCE}.Release|Any CPU.Build.0 = Release|Any CPU
		{4235C260-000E-45A8-9DA9-28CCFF027F06}.Debug|Any CPU.ActiveCfg = Debug|Any CPU
		{4235C260-000E-45A8-9DA9-28CCFF027F06}.Debug|Any CPU.Build.0 = Debug|Any CPU
		{4235C260-000E-45A8-9DA9-28CCFF027F06}.Release|Any CPU.ActiveCfg = Release|Any CPU
		{4235C260-000E-45A8-9DA9-28CCFF027F06}.Release|Any CPU.Build.0 = Release|Any CPU
	EndGlobalSection
	GlobalSection(SolutionProperties) = preSolution
		HideSolutionNode = FALSE
	EndGlobalSection
	GlobalSection(ExtensibilityGlobals) = postSolution
		SolutionGuid = {4821BF82-0B22-4859-8E62-89F8D07A2938}
	EndGlobalSection
EndGlobal
